
Microsoft Visual Studio Solution File, Format Version 12.00
# Visual Studio Version 17
VisualStudioVersion = 17.9.34723.18
MinimumVisualStudioVersion = 10.0.40219.1
Project("{9A19103F-16F7-4668-BE54-9A1E7A4F7556}") = "Demo01-PremiereApp", "Demo01-PremiereApp\Demo01-PremiereApp.csproj", "{55B70A3F-9E34-4876-9A84-94DDC001B639}"
EndProject
Project("{9A19103F-16F7-4668-BE54-9A1E7A4F7556}") = "Demo02-Convertion", "Demo02-Convertion\Demo02-Convertion.csproj", "{67F23D9E-C541-4110-9575-D445A9F129E4}"
EndProject
Project("{9A19103F-16F7-4668-BE54-9A1E7A4F7556}") = "Demo03-Conditionnel", "Demo03-Conditionnel\Demo03-Conditionnel.csproj", "{B16411A5-6C59-4479-AF34-86EDEDF719F3}"
EndProject
Project("{9A19103F-16F7-4668-BE54-9A1E7A4F7556}") = "Demo04-Incrementation", "Demo04-Incrementation\Demo04-Incrementation.csproj", "{1EE4418C-A6D3-473B-8DAD-1FE602072F62}"
EndProject
Project("{9A19103F-16F7-4668-BE54-9A1E7A4F7556}") = "Demo05-Ternaire", "Demo05-Ternaire\Demo05-Ternaire.csproj", "{04CDC63B-C0FD-4D1E-B427-FA1962C56961}"
EndProject
Project("{9A19103F-16F7-4668-BE54-9A1E7A4F7556}") = "Demo06-Coalesce", "Demo06-Coalesce\Demo06-Coalesce.csproj", "{2FA3D5D7-8C34-456B-B563-EB3ECA6463C1}"
EndProject
Project("{9A19103F-16F7-4668-BE54-9A1E7A4F7556}") = "Demo07-Boucles", "Demo07-Boucles\Demo07-Boucles.csproj", "{D00945CA-BEF4-4A4D-AFB2-57998B4F472C}"
EndProject
Project("{9A19103F-16F7-4668-BE54-9A1E7A4F7556}") = "Demo08-Tableau", "Demo08-Tableau\Demo08-Tableau.csproj", "{F76F2B5C-4D72-4A35-AAD9-5A478E0AB827}"
EndProject
Project("{FAE04EC0-301F-11D3-BF4B-00C04F79EFBC}") = "Demo09-CollectionGeneric", "Demo09-CollectionGeneric\Demo09-CollectionGeneric.csproj", "{1DCEE041-232C-415E-A0FA-8C9637A81603}"
EndProject
Project("{FAE04EC0-301F-11D3-BF4B-00C04F79EFBC}") = "Demo10-CollectionGeneric-Dictionary", "Demo10-CollectionGeneric-Dictionary\Demo10-CollectionGeneric-Dictionary.csproj", "{1B594E29-FB07-40F6-9BA7-0D6E5654F747}"
EndProject
Global
	GlobalSection(SolutionConfigurationPlatforms) = preSolution
		Debug|Any CPU = Debug|Any CPU
		Release|Any CPU = Release|Any CPU
	EndGlobalSection
	GlobalSection(ProjectConfigurationPlatforms) = postSolution
		{55B70A3F-9E34-4876-9A84-94DDC001B639}.Debug|Any CPU.ActiveCfg = Debug|Any CPU
		{55B70A3F-9E34-4876-9A84-94DDC001B639}.Debug|Any CPU.Build.0 = Debug|Any CPU
		{55B70A3F-9E34-4876-9A84-94DDC001B639}.Release|Any CPU.ActiveCfg = Release|Any CPU
		{55B70A3F-9E34-4876-9A84-94DDC001B639}.Release|Any CPU.Build.0 = Release|Any CPU
		{67F23D9E-C541-4110-9575-D445A9F129E4}.Debug|Any CPU.ActiveCfg = Debug|Any CPU
		{67F23D9E-C541-4110-9575-D445A9F129E4}.Debug|Any CPU.Build.0 = Debug|Any CPU
		{67F23D9E-C541-4110-9575-D445A9F129E4}.Release|Any CPU.ActiveCfg = Release|Any CPU
		{67F23D9E-C541-4110-9575-D445A9F129E4}.Release|Any CPU.Build.0 = Release|Any CPU
		{B16411A5-6C59-4479-AF34-86EDEDF719F3}.Debug|Any CPU.ActiveCfg = Debug|Any CPU
		{B16411A5-6C59-4479-AF34-86EDEDF719F3}.Debug|Any CPU.Build.0 = Debug|Any CPU
		{B16411A5-6C59-4479-AF34-86EDEDF719F3}.Release|Any CPU.ActiveCfg = Release|Any CPU
		{B16411A5-6C59-4479-AF34-86EDEDF719F3}.Release|Any CPU.Build.0 = Release|Any CPU
		{1EE4418C-A6D3-473B-8DAD-1FE602072F62}.Debug|Any CPU.ActiveCfg = Debug|Any CPU
		{1EE4418C-A6D3-473B-8DAD-1FE602072F62}.Debug|Any CPU.Build.0 = Debug|Any CPU
		{1EE4418C-A6D3-473B-8DAD-1FE602072F62}.Release|Any CPU.ActiveCfg = Release|Any CPU
		{1EE4418C-A6D3-473B-8DAD-1FE602072F62}.Release|Any CPU.Build.0 = Release|Any CPU
		{04CDC63B-C0FD-4D1E-B427-FA1962C56961}.Debug|Any CPU.ActiveCfg = Debug|Any CPU
		{04CDC63B-C0FD-4D1E-B427-FA1962C56961}.Debug|Any CPU.Build.0 = Debug|Any CPU
		{04CDC63B-C0FD-4D1E-B427-FA1962C56961}.Release|Any CPU.ActiveCfg = Release|Any CPU
		{04CDC63B-C0FD-4D1E-B427-FA1962C56961}.Release|Any CPU.Build.0 = Release|Any CPU
		{2FA3D5D7-8C34-456B-B563-EB3ECA6463C1}.Debug|Any CPU.ActiveCfg = Debug|Any CPU
		{2FA3D5D7-8C34-456B-B563-EB3ECA6463C1}.Debug|Any CPU.Build.0 = Debug|Any CPU
		{2FA3D5D7-8C34-456B-B563-EB3ECA6463C1}.Release|Any CPU.ActiveCfg = Release|Any CPU
		{2FA3D5D7-8C34-456B-B563-EB3ECA6463C1}.Release|Any CPU.Build.0 = Release|Any CPU
		{D00945CA-BEF4-4A4D-AFB2-57998B4F472C}.Debug|Any CPU.ActiveCfg = Debug|Any CPU
		{D00945CA-BEF4-4A4D-AFB2-57998B4F472C}.Debug|Any CPU.Build.0 = Debug|Any CPU
		{D00945CA-BEF4-4A4D-AFB2-57998B4F472C}.Release|Any CPU.ActiveCfg = Release|Any CPU
		{D00945CA-BEF4-4A4D-AFB2-57998B4F472C}.Release|Any CPU.Build.0 = Release|Any CPU
		{F76F2B5C-4D72-4A35-AAD9-5A478E0AB827}.Debug|Any CPU.ActiveCfg = Debug|Any CPU
		{F76F2B5C-4D72-4A35-AAD9-5A478E0AB827}.Debug|Any CPU.Build.0 = Debug|Any CPU
		{F76F2B5C-4D72-4A35-AAD9-5A478E0AB827}.Release|Any CPU.ActiveCfg = Release|Any CPU
		{F76F2B5C-4D72-4A35-AAD9-5A478E0AB827}.Release|Any CPU.Build.0 = Release|Any CPU
		{1DCEE041-232C-415E-A0FA-8C9637A81603}.Debug|Any CPU.ActiveCfg = Debug|Any CPU
		{1DCEE041-232C-415E-A0FA-8C9637A81603}.Debug|Any CPU.Build.0 = Debug|Any CPU
		{1DCEE041-232C-415E-A0FA-8C9637A81603}.Release|Any CPU.ActiveCfg = Release|Any CPU
		{1DCEE041-232C-415E-A0FA-8C9637A81603}.Release|Any CPU.Build.0 = Release|Any CPU
		{1B594E29-FB07-40F6-9BA7-0D6E5654F747}.Debug|Any CPU.ActiveCfg = Debug|Any CPU
		{1B594E29-FB07-40F6-9BA7-0D6E5654F747}.Debug|Any CPU.Build.0 = Debug|Any CPU
		{1B594E29-FB07-40F6-9BA7-0D6E5654F747}.Release|Any CPU.ActiveCfg = Release|Any CPU
		{1B594E29-FB07-40F6-9BA7-0D6E5654F747}.Release|Any CPU.Build.0 = Release|Any CPU
	EndGlobalSection
	GlobalSection(SolutionProperties) = preSolution
		HideSolutionNode = FALSE
	EndGlobalSection
	GlobalSection(ExtensibilityGlobals) = postSolution
		SolutionGuid = {87B6F2D3-7E9D-4CC2-9695-70108B3E31BC}
	EndGlobalSection
EndGlobal
